
Microsoft Visual Studio Solution File, Format Version 12.00
# Visual Studio Version 17
VisualStudioVersion = 17.13.35828.75 d17.13
MinimumVisualStudioVersion = 10.0.40219.1
Project("{FAE04EC0-301F-11D3-BF4B-00C04F79EFBC}") = "Homework7", "Homework7.csproj", "{71B774FD-D49E-4D7F-9297-25CE3EDF955C}"
EndProject
Global
	GlobalSection(SolutionConfigurationPlatforms) = preSolution
		Debug|Any CPU = Debug|Any CPU
		Release|Any CPU = Release|Any CPU
	EndGlobalSection
	GlobalSection(ProjectConfigurationPlatforms) = postSolution
		{71B774FD-D49E-4D7F-9297-25CE3EDF955C}.Debug|Any CPU.ActiveCfg = Debug|Any CPU
		{71B774FD-D49E-4D7F-9297-25CE3EDF955C}.Debug|Any CPU.Build.0 = Debug|Any CPU
		{71B774FD-D49E-4D7F-9297-25CE3EDF955C}.Release|Any CPU.ActiveCfg = Release|Any CPU
		{71B774FD-D49E-4D7F-9297-25CE3EDF955C}.Release|Any CPU.Build.0 = Release|Any CPU
	EndGlobalSection
	GlobalSection(SolutionProperties) = preSolution
		HideSolutionNode = FALSE
	EndGlobalSection
	GlobalSection(ExtensibilityGlobals) = postSolution
		SolutionGuid = {399B2BE3-EDA1-408A-8328-2D8D557D942E}
	EndGlobalSection
EndGlobal
